{
  "requires": true,
  "lockfileVersion": 1,
  "dependencies": {
    "daisyui": {
      "version": "1.24.3",
      "resolved": "https://registry.npmjs.org/daisyui/-/daisyui-1.24.3.tgz",
      "integrity": "sha512-sSIZgy0Q2ObwB7mpsjfb9slhKG6Cec5KpXcwMUmE5EYZ5ZolgCsUK+BuD5zZUY2Ou0lj5qhHGr/BkLLIFbCI2A==",
      "dev": true
    }
  }
}